
Microsoft Visual Studio Solution File, Format Version 12.00
# Visual Studio Version 17
VisualStudioVersion = 17.8.34511.84
MinimumVisualStudioVersion = 10.0.40219.1
Project("{E53339B2-1760-4266-BCC7-CA923CBCF16C}") = "docker-compose", "docker-compose.dcproj", "{60A38F40-4323-4861-B68E-5AE27E87CC12}"
EndProject
Project("{9A19103F-16F7-4668-BE54-9A1E7A4F7556}") = "Expectativas_de_Mercado.Model", "Expectativas_de_Mercado.Model\Expectativas_de_Mercado.Model.csproj", "{7A1C97EA-062F-4D9D-897E-0FE491103CCC}"
EndProject
Project("{9A19103F-16F7-4668-BE54-9A1E7A4F7556}") = "Expectativas_de_Mercado.ViewModel", "Expectativas_de_Mercado.ViewModel\Expectativas_de_Mercado.ViewModel.csproj", "{DF1078FB-E1CC-4986-B006-79BF177FDC71}"
EndProject
Project("{9A19103F-16F7-4668-BE54-9A1E7A4F7556}") = "Expectativas_de_Mercado.WPF", "Expectativas_de_Mercado.WPF\Expectativas_de_Mercado.WPF.csproj", "{009ED4C4-7FD3-497F-8508-3DBB8484A52B}"
EndProject
Project("{9A19103F-16F7-4668-BE54-9A1E7A4F7556}") = "Expectativas_de_Mercado.Repository", "Expectativas_de_Mercado.Repository\Expectativas_de_Mercado.Repository.csproj", "{577ACD9F-0C80-4D00-8669-9E124ED8169C}"
EndProject
Project("{9A19103F-16F7-4668-BE54-9A1E7A4F7556}") = "Bacen.Integration", "Bacen.Integration\Bacen.Integration.csproj", "{F28712E8-DF52-4639-8186-D0A3D3443A81}"
EndProject
Project("{9A19103F-16F7-4668-BE54-9A1E7A4F7556}") = "Expectativas_de_Mercado.Migrations", "Expectativas_de_Mercado.Migrations\Expectativas_de_Mercado.Migrations.csproj", "{6A5BF97D-0199-46F5-9C2A-C4D09957E1BE}"
EndProject
Project("{9A19103F-16F7-4668-BE54-9A1E7A4F7556}") = "Expectativas_de_Mercado.XUnit", "Expectativas_de_Mercado.XUnit\Expectativas_de_Mercado.XUnit.csproj", "{5F4762BC-9388-4FDB-9FCC-B6C238B16985}"
EndProject
Global
	GlobalSection(SolutionConfigurationPlatforms) = preSolution
		Debug|Any CPU = Debug|Any CPU
		Release|Any CPU = Release|Any CPU
	EndGlobalSection
	GlobalSection(ProjectConfigurationPlatforms) = postSolution
		{60A38F40-4323-4861-B68E-5AE27E87CC12}.Debug|Any CPU.ActiveCfg = Debug|Any CPU
		{60A38F40-4323-4861-B68E-5AE27E87CC12}.Debug|Any CPU.Build.0 = Debug|Any CPU
		{60A38F40-4323-4861-B68E-5AE27E87CC12}.Release|Any CPU.ActiveCfg = Release|Any CPU
		{60A38F40-4323-4861-B68E-5AE27E87CC12}.Release|Any CPU.Build.0 = Release|Any CPU
		{7A1C97EA-062F-4D9D-897E-0FE491103CCC}.Debug|Any CPU.ActiveCfg = Debug|Any CPU
		{7A1C97EA-062F-4D9D-897E-0FE491103CCC}.Debug|Any CPU.Build.0 = Debug|Any CPU
		{7A1C97EA-062F-4D9D-897E-0FE491103CCC}.Release|Any CPU.ActiveCfg = Release|Any CPU
		{7A1C97EA-062F-4D9D-897E-0FE491103CCC}.Release|Any CPU.Build.0 = Release|Any CPU
		{DF1078FB-E1CC-4986-B006-79BF177FDC71}.Debug|Any CPU.ActiveCfg = Debug|Any CPU
		{DF1078FB-E1CC-4986-B006-79BF177FDC71}.Debug|Any CPU.Build.0 = Debug|Any CPU
		{DF1078FB-E1CC-4986-B006-79BF177FDC71}.Release|Any CPU.ActiveCfg = Release|Any CPU
		{DF1078FB-E1CC-4986-B006-79BF177FDC71}.Release|Any CPU.Build.0 = Release|Any CPU
		{009ED4C4-7FD3-497F-8508-3DBB8484A52B}.Debug|Any CPU.ActiveCfg = Debug|Any CPU
		{009ED4C4-7FD3-497F-8508-3DBB8484A52B}.Debug|Any CPU.Build.0 = Debug|Any CPU
		{009ED4C4-7FD3-497F-8508-3DBB8484A52B}.Release|Any CPU.ActiveCfg = Release|Any CPU
		{009ED4C4-7FD3-497F-8508-3DBB8484A52B}.Release|Any CPU.Build.0 = Release|Any CPU
		{577ACD9F-0C80-4D00-8669-9E124ED8169C}.Debug|Any CPU.ActiveCfg = Debug|Any CPU
		{577ACD9F-0C80-4D00-8669-9E124ED8169C}.Debug|Any CPU.Build.0 = Debug|Any CPU
		{577ACD9F-0C80-4D00-8669-9E124ED8169C}.Release|Any CPU.ActiveCfg = Release|Any CPU
		{577ACD9F-0C80-4D00-8669-9E124ED8169C}.Release|Any CPU.Build.0 = Release|Any CPU
		{F28712E8-DF52-4639-8186-D0A3D3443A81}.Debug|Any CPU.ActiveCfg = Debug|Any CPU
		{F28712E8-DF52-4639-8186-D0A3D3443A81}.Debug|Any CPU.Build.0 = Debug|Any CPU
		{F28712E8-DF52-4639-8186-D0A3D3443A81}.Release|Any CPU.ActiveCfg = Release|Any CPU
		{F28712E8-DF52-4639-8186-D0A3D3443A81}.Release|Any CPU.Build.0 = Release|Any CPU
		{6A5BF97D-0199-46F5-9C2A-C4D09957E1BE}.Debug|Any CPU.ActiveCfg = Debug|Any CPU
		{6A5BF97D-0199-46F5-9C2A-C4D09957E1BE}.Debug|Any CPU.Build.0 = Debug|Any CPU
		{6A5BF97D-0199-46F5-9C2A-C4D09957E1BE}.Release|Any CPU.ActiveCfg = Release|Any CPU
		{6A5BF97D-0199-46F5-9C2A-C4D09957E1BE}.Release|Any CPU.Build.0 = Release|Any CPU
		{5F4762BC-9388-4FDB-9FCC-B6C238B16985}.Debug|Any CPU.ActiveCfg = Debug|Any CPU
		{5F4762BC-9388-4FDB-9FCC-B6C238B16985}.Debug|Any CPU.Build.0 = Debug|Any CPU
		{5F4762BC-9388-4FDB-9FCC-B6C238B16985}.Release|Any CPU.ActiveCfg = Release|Any CPU
		{5F4762BC-9388-4FDB-9FCC-B6C238B16985}.Release|Any CPU.Build.0 = Release|Any CPU
	EndGlobalSection
	GlobalSection(SolutionProperties) = preSolution
		HideSolutionNode = FALSE
	EndGlobalSection
	GlobalSection(ExtensibilityGlobals) = postSolution
		SolutionGuid = {B009739D-8581-486A-B2C9-2642B6D1D890}
	EndGlobalSection
EndGlobal
